{
  "name": "tre-track-stations",
  "version": "2.0.0",
  "lockfileVersion": 3,
  "requires": true,
  "packages": {
    "": {
      "name": "tre-track-stations",
      "version": "2.0.0",
      "license": "AGPL-3.0-or-later",
      "dependencies": {
        "collect-mutations": "^1.0.5",
        "debounce": "^1.2.0",
        "debug": "^4.1.1",
        "minimist": "^1.2.0",
        "multicb": "^1.2.2",
        "mutant": "^3.22.1",
        "pull-split": "^0.2.0",
        "pull-stream": "^3.5.0",
        "stream-to-pull-stream": "^1.7.2",
        "tre-prototypes": "^1.6.0"
      },
      "bin": {
        "track-station": "bin.js"
      }
    },
    "node_modules/browser-split": {
      "version": "0.0.1",
      "resolved": "https://registry.npmjs.org/browser-split/-/browser-split-0.0.1.tgz",
      "integrity": "sha512-JhvgRb2ihQhsljNda3BI8/UcRHVzrVwo3Q+P8vDtSiyobXuFpuZ9mq+MbRGMnC22CjW3RrfXdg6j6ITX8M+7Ow==",
      "license": "MIT"
    },
    "node_modules/collect-mutations": {
      "version": "1.0.6",
      "resolved": "https://registry.npmjs.org/collect-mutations/-/collect-mutations-1.0.6.tgz",
      "integrity": "sha512-2hF3/PSrAUrx7rX2dN7iL1Wj6x0F3HazL2WAscy6DDDkvUNavXxNjXNOaUl7NNGK8zeufwAVvO7ydtVuGipYLw==",
      "license": "ISC",
      "dependencies": {
        "mutant": "^3.22.1",
        "pull-stream": "^3.6.9"
      }
    },
    "node_modules/commander": {
      "version": "2.20.3",
      "resolved": "https://registry.npmjs.org/commander/-/commander-2.20.3.tgz",
      "integrity": "sha512-GpVkmM8vF2vQUkj2LvZmD35JxeJOLCwJ9cUkugyk2nuhbv3+mJvpLYYt+0+USMxE+oj+ey/lJEnhZw75x/OMcQ==",
      "license": "MIT"
    },
    "node_modules/debounce": {
      "version": "1.2.1",
      "resolved": "https://registry.npmjs.org/debounce/-/debounce-1.2.1.tgz",
      "integrity": "sha512-XRRe6Glud4rd/ZGQfiV1ruXSfbvfJedlV9Y6zOlP+2K04vBYiJEte6stfFkCP03aMnY5tsipamumUjL14fofug==",
      "license": "MIT"
    },
    "node_modules/debug": {
      "version": "4.4.3",
      "resolved": "https://registry.npmjs.org/debug/-/debug-4.4.3.tgz",
      "integrity": "sha512-RGwwWnwQvkVfavKVt22FGLw+xYSdzARwm0ru6DhTVA3umU5hZc28V3kO4stgYryrTlLpuvgI9GiijltAjNbcqA==",
      "license": "MIT",
      "dependencies": {
        "ms": "^2.1.3"
      },
      "engines": {
        "node": ">=6.0"
      },
      "peerDependenciesMeta": {
        "supports-color": {
          "optional": true
        }
      }
    },
    "node_modules/discontinuous-range": {
      "version": "1.0.0",
      "resolved": "https://registry.npmjs.org/discontinuous-range/-/discontinuous-range-1.0.0.tgz",
      "integrity": "sha512-c68LpLbO+7kP/b1Hr1qs8/BJ09F5khZGTxqxZuhzxpmwJKOgRFHJWIb9/KmqnqHhLdO55aOxFH/EGBvUQbL/RQ==",
      "license": "MIT"
    },
    "node_modules/ip": {
      "version": "1.1.9",
      "resolved": "https://registry.npmjs.org/ip/-/ip-1.1.9.tgz",
      "integrity": "sha512-cyRxvOEpNHNtchU3Ln9KC/auJgup87llfQpQ+t5ghoC/UhL16SWzbueiCsdTnWmqAWl7LadfuwhlqmtOaqMHdQ==",
      "license": "MIT"
    },
    "node_modules/is-canonical-base64": {
      "version": "1.1.1",
      "resolved": "https://registry.npmjs.org/is-canonical-base64/-/is-canonical-base64-1.1.1.tgz",
      "integrity": "sha512-o6t/DwgEapC0bsloqtegAQyZzQXaQ5+8fzsyf2KmLqupC2ifLFq/lMQiFCJeGpdSrK1o6GL+WW2lRU050lLlFg==",
      "license": "MIT"
    },
    "node_modules/is-valid-domain": {
      "version": "0.0.20",
      "resolved": "https://registry.npmjs.org/is-valid-domain/-/is-valid-domain-0.0.20.tgz",
      "integrity": "sha512-Yd9oD7sgCycVvH8CHy5U4fLXibPwxVw2+diudYbT8ZfAiQDtW1H9WvPRR4+rtN9qOll+r+KAfO4SjO28OPpitA==",
      "license": "MIT",
      "dependencies": {
        "punycode": "^1.4.1"
      }
    },
    "node_modules/lodash.merge": {
      "version": "4.6.2",
      "resolved": "https://registry.npmjs.org/lodash.merge/-/lodash.merge-4.6.2.tgz",
      "integrity": "sha512-0KpjqXRVvrYyCsX1swR/XTK0va6VQkQM6MNo7PqW77ByjAhoARA8EfrP1N4+KlKj8YS0ZUCtRT/YUuhyYDujIQ==",
      "license": "MIT"
    },
    "node_modules/looper": {
      "version": "3.0.0",
      "resolved": "https://registry.npmjs.org/looper/-/looper-3.0.0.tgz",
      "integrity": "sha512-LJ9wplN/uSn72oJRsXTx+snxPet5c8XiZmOKCm906NVYu+ag6SB6vUcnJcWxgnl2NfbIyeobAn7Bwv6xRj2XJg==",
      "license": "MIT"
    },
    "node_modules/minimist": {
      "version": "1.2.8",
      "resolved": "https://registry.npmjs.org/minimist/-/minimist-1.2.8.tgz",
      "integrity": "sha512-2yyAR8qBkN3YuheJanUpWC5U3bb5osDywNB8RzDVlDwDHbocAJveqqj1u8+SVD7jkWT4yvsHCpWqqWqAxb0zCA==",
      "license": "MIT",
      "funding": {
        "url": "https://github.com/sponsors/ljharb"
      }
    },
    "node_modules/moo": {
      "version": "0.5.2",
      "resolved": "https://registry.npmjs.org/moo/-/moo-0.5.2.tgz",
      "integrity": "sha512-iSAJLHYKnX41mKcJKjqvnAN9sf0LMDTXDEvFv+ffuRR9a1MIuXLjMNL6EsnDHSkKLTWNqQQ5uo61P4EbU4NU+Q==",
      "license": "BSD-3-Clause"
    },
    "node_modules/ms": {
      "version": "2.1.3",
      "resolved": "https://registry.npmjs.org/ms/-/ms-2.1.3.tgz",
      "integrity": "sha512-6FlzubTLZG3J2a/NVCAleEhjzq5oxgHyaCU9yYXvcLsvoVaHJq/s5xXI6/XXP6tz7R9xAOtHnSO/tXtF3WRTlA==",
      "license": "MIT"
    },
    "node_modules/multicb": {
      "version": "1.2.2",
      "resolved": "https://registry.npmjs.org/multicb/-/multicb-1.2.2.tgz",
      "integrity": "sha512-PZM4dhYFmCF6uZGWpEmoPMUqJBywS9IcAgybT2GmSpYI1BvGvoWSdbio+ik+q/YD2vodhvslESWIS3NnkKYdqQ=="
    },
    "node_modules/multiserver-address": {
      "version": "1.0.1",
      "resolved": "https://registry.npmjs.org/multiserver-address/-/multiserver-address-1.0.1.tgz",
      "integrity": "sha512-IfZMAGs9onCLkYNSnNBri3JxuvhQYllMyh3W9ry86iEDcfW9uPVsHTHDsjDxQtL+dPq3byshmA+Y4LN2wLHwNw==",
      "license": "MIT",
      "dependencies": {
        "nearley": "^2.15.1"
      }
    },
    "node_modules/mutant": {
      "version": "3.29.0",
      "resolved": "https://registry.npmjs.org/mutant/-/mutant-3.29.0.tgz",
      "integrity": "sha512-w7r+WxzoGynhiTdFLtot8saPnSTXOaqZLWqwKAapatYOFaTFJPY6eJlpDOMFCRE7g2hUXVWXQf5P36TKwk1dpA==",
      "license": "MIT",
      "dependencies": {
        "browser-split": "0.0.1",
        "xtend": "^4.0.1"
      }
    },
    "node_modules/nearley": {
      "version": "2.20.1",
      "resolved": "https://registry.npmjs.org/nearley/-/nearley-2.20.1.tgz",
      "integrity": "sha512-+Mc8UaAebFzgV+KpI5n7DasuuQCHA89dmwm7JXw3TV43ukfNQ9DnBH3Mdb2g/I4Fdxc26pwimBWvjIw0UAILSQ==",
      "license": "MIT",
      "dependencies": {
        "commander": "^2.19.0",
        "moo": "^0.5.0",
        "railroad-diagrams": "^1.0.0",
        "randexp": "0.4.6"
      },
      "bin": {
        "nearley-railroad": "bin/nearley-railroad.js",
        "nearley-test": "bin/nearley-test.js",
        "nearley-unparse": "bin/nearley-unparse.js",
        "nearleyc": "bin/nearleyc.js"
      },
      "funding": {
        "type": "individual",
        "url": "https://nearley.js.org/#give-to-nearley"
      }
    },
    "node_modules/observable-linked-list": {
      "version": "1.0.0",
      "resolved": "https://registry.npmjs.org/observable-linked-list/-/observable-linked-list-1.0.0.tgz",
      "integrity": "sha512-4wBm+VdoTnKk9eFWpFlY2g8c1z4yLuepgv74EQXEZ8qTPaNBTZ24mWlN0JhH7bnh8Y80sLRRWVSm0ARGvchneQ==",
      "license": "ISC"
    },
    "node_modules/pull-split": {
      "version": "0.2.1",
      "resolved": "https://registry.npmjs.org/pull-split/-/pull-split-0.2.1.tgz",
      "integrity": "sha512-lloBKx+ijuRNvxvhM/SMJQ0r9/0WBGcpCPv8I6MZuYl4D1heUF/eYQObnqVehhtTMYuMwboK7RdhMa4Wg3YB7w==",
      "license": "MIT",
      "dependencies": {
        "pull-through": "~1.0.6"
      }
    },
    "node_modules/pull-stream": {
      "version": "3.7.0",
      "resolved": "https://registry.npmjs.org/pull-stream/-/pull-stream-3.7.0.tgz",
      "integrity": "sha512-Eco+/R004UaCK2qEDE8vGklcTG2OeZSVm1kTUQNrykEjDwcFXDZhygFDsW49DbXyJMEhHeRL3z5cRVqPAhXlIw==",
      "license": "MIT"
    },
    "node_modules/pull-through": {
      "version": "1.0.18",
      "resolved": "https://registry.npmjs.org/pull-through/-/pull-through-1.0.18.tgz",
      "integrity": "sha512-t8BBRdKstI/JoWS3FAXRnBvo1ahoLcKo8nm8ZUzr4OUgIf47RodD6HjnPIpw/d6HQZaMu+TotLAYCNwLTnvcNw==",
      "license": "MIT",
      "dependencies": {
        "looper": "~3.0.0"
      }
    },
    "node_modules/punycode": {
      "version": "1.4.1",
      "resolved": "https://registry.npmjs.org/punycode/-/punycode-1.4.1.tgz",
      "integrity": "sha512-jmYNElW7yvO7TV33CjSmvSiE2yco3bV2czu/OzDKdMNVZQWfxCblURLhf+47syQRBntjfLdd/H0egrzIG+oaFQ==",
      "license": "MIT"
    },
    "node_modules/railroad-diagrams": {
      "version": "1.0.0",
      "resolved": "https://registry.npmjs.org/railroad-diagrams/-/railroad-diagrams-1.0.0.tgz",
      "integrity": "sha512-cz93DjNeLY0idrCNOH6PviZGRN9GJhsdm9hpn1YCS879fj4W+x5IFJhhkRZcwVgMmFF7R82UA/7Oh+R8lLZg6A==",
      "license": "CC0-1.0"
    },
    "node_modules/randexp": {
      "version": "0.4.6",
      "resolved": "https://registry.npmjs.org/randexp/-/randexp-0.4.6.tgz",
      "integrity": "sha512-80WNmd9DA0tmZrw9qQa62GPPWfuXJknrmVmLcxvq4uZBdYqb1wYoKTmnlGUchvVWe0XiLupYkBoXVOxz3C8DYQ==",
      "license": "MIT",
      "dependencies": {
        "discontinuous-range": "1.0.0",
        "ret": "~0.1.10"
      },
      "engines": {
        "node": ">=0.12"
      }
    },
    "node_modules/ret": {
      "version": "0.1.15",
      "resolved": "https://registry.npmjs.org/ret/-/ret-0.1.15.tgz",
      "integrity": "sha512-TTlYpa+OL+vMMNG24xSlQGEJ3B/RzEfUlLct7b5G/ytav+wPrplCpVMFuwzXbkecJrb6IYo1iFb0S9v37754mg==",
      "license": "MIT",
      "engines": {
        "node": ">=0.12"
      }
    },
    "node_modules/ssb-ref": {
      "version": "2.16.0",
      "resolved": "https://registry.npmjs.org/ssb-ref/-/ssb-ref-2.16.0.tgz",
      "integrity": "sha512-ylyrfz9NLxwTCbeDDAdLo++O3elhNs6/gUqMhZ22F+gSOIjwXy2X7dpg5Q1YTH7uALOSu307Rpo1UfK9sj7Sjw==",
      "license": "MIT",
      "dependencies": {
        "ip": "^1.1.3",
        "is-canonical-base64": "^1.1.1",
        "is-valid-domain": "~0.0.1",
        "multiserver-address": "^1.0.1"
      }
    },
    "node_modules/stream-to-pull-stream": {
      "version": "1.7.3",
      "resolved": "https://registry.npmjs.org/stream-to-pull-stream/-/stream-to-pull-stream-1.7.3.tgz",
      "integrity": "sha512-6sNyqJpr5dIOQdgNy/xcDWwDuzAsAwVzhzrWlAPAQ7Lkjx/rv0wgvxEyKwTq6FmNd5rjTrELt/CLmaSw7crMGg==",
      "license": "MIT",
      "dependencies": {
        "looper": "^3.0.0",
        "pull-stream": "^3.2.3"
      }
    },
    "node_modules/tre-prototypes": {
      "version": "1.9.0",
      "resolved": "https://registry.npmjs.org/tre-prototypes/-/tre-prototypes-1.9.0.tgz",
      "integrity": "sha512-2e4OZT2qGcg1jvwlNH1wVZhJVcL9VcjzcF/2oD8ppqgu16y0sUqXpTZUseQbySEOFZGVtwnZpJleSx6MWJSvRA==",
      "license": "ISC",
      "dependencies": {
        "lodash.merge": "^4.6.1",
        "mutant": "^3.22.1",
        "observable-linked-list": "^1.0.0",
        "ssb-ref": "^2.13.7",
        "tre-watch-heads": "^1.0.0"
      }
    },
    "node_modules/tre-watch-heads": {
      "version": "1.1.2",
      "resolved": "https://registry.npmjs.org/tre-watch-heads/-/tre-watch-heads-1.1.2.tgz",
      "integrity": "sha512-cosokTbC4CYW8kfLeLB1yasxb4WjvnoESCplncjUpX/ZlFIgbqvcfRG3E6R5QvHBpDeKiiU5vY0eTHBZxWfkRA==",
      "license": "ISC",
      "dependencies": {
        "debug": "^4.2.0",
        "pull-stream": "^3.6.14"
      }
    },
    "node_modules/xtend": {
      "version": "4.0.2",
      "resolved": "https://registry.npmjs.org/xtend/-/xtend-4.0.2.tgz",
      "integrity": "sha512-LKYU1iAXJXUgAXn9URjiu+MWhyUXHsvfp7mcuYm9dSUKK0/CjtrUwFAxD82/mCWbtLsGjFIad0wIsod4zrTAEQ==",
      "license": "MIT",
      "engines": {
        "node": ">=0.4"
      }
    }
  }
}
